
Microsoft Visual Studio Solution File, Format Version 12.00
# Visual Studio Version 17
VisualStudioVersion = 17.6.33829.357
MinimumVisualStudioVersion = 10.0.40219.1
Project("{FAE04EC0-301F-11D3-BF4B-00C04F79EFBC}") = "ImagePasteApp", "ImagePasteApp.csproj", "{C3E994E5-B8D5-4667-AA62-D56C07813631}"
EndProject
Global
	GlobalSection(SolutionConfigurationPlatforms) = preSolution
		Debug|Any CPU = Debug|Any CPU
		Release|Any CPU = Release|Any CPU
	EndGlobalSection
	GlobalSection(ProjectConfigurationPlatforms) = postSolution
		{C3E994E5-B8D5-4667-AA62-D56C07813631}.Debug|Any CPU.ActiveCfg = Debug|Any CPU
		{C3E994E5-B8D5-4667-AA62-D56C07813631}.Debug|Any CPU.Build.0 = Debug|Any CPU
		{C3E994E5-B8D5-4667-AA62-D56C07813631}.Release|Any CPU.ActiveCfg = Release|Any CPU
		{C3E994E5-B8D5-4667-AA62-D56C07813631}.Release|Any CPU.Build.0 = Release|Any CPU
	EndGlobalSection
	GlobalSection(SolutionProperties) = preSolution
		HideSolutionNode = FALSE
	EndGlobalSection
	GlobalSection(ExtensibilityGlobals) = postSolution
		SolutionGuid = {AB9FE088-E2AF-490C-ADA2-264C5264BB42}
	EndGlobalSection
EndGlobal
